
Microsoft Visual Studio Solution File, Format Version 12.00
# Visual Studio Version 17
VisualStudioVersion = 17.4.33213.308
MinimumVisualStudioVersion = 10.0.40219.1
Project("{FAE04EC0-301F-11D3-BF4B-00C04F79EFBC}") = "CareerGuide", "CareerGuide\CareerGuide.csproj", "{BC8B0AD8-EC8C-49E1-A90F-8A1CED860FC4}"
EndProject
Global
	GlobalSection(SolutionConfigurationPlatforms) = preSolution
		Debug|Any CPU = Debug|Any CPU
		Release|Any CPU = Release|Any CPU
	EndGlobalSection
	GlobalSection(ProjectConfigurationPlatforms) = postSolution
		{BC8B0AD8-EC8C-49E1-A90F-8A1CED860FC4}.Debug|Any CPU.ActiveCfg = Debug|Any CPU
		{BC8B0AD8-EC8C-49E1-A90F-8A1CED860FC4}.Debug|Any CPU.Build.0 = Debug|Any CPU
		{BC8B0AD8-EC8C-49E1-A90F-8A1CED860FC4}.Release|Any CPU.ActiveCfg = Release|Any CPU
		{BC8B0AD8-EC8C-49E1-A90F-8A1CED860FC4}.Release|Any CPU.Build.0 = Release|Any CPU
	EndGlobalSection
	GlobalSection(SolutionProperties) = preSolution
		HideSolutionNode = FALSE
	EndGlobalSection
	GlobalSection(ExtensibilityGlobals) = postSolution
		SolutionGuid = {B91D20BB-C6EE-41D6-8ED7-DE91D2AE64D7}
	EndGlobalSection
EndGlobal
